
Microsoft Visual Studio Solution File, Format Version 12.00
# Visual Studio 15
VisualStudioVersion = 15.0.28010.2050
MinimumVisualStudioVersion = 10.0.40219.1
Project("{FAE04EC0-301F-11D3-BF4B-00C04F79EFBC}") = "Ex03.GarageLogic", "Ex03.GarageLogic\Ex03.GarageLogic.csproj", "{1521F7E0-8CBB-43CE-B157-D4EBEE680E06}"
EndProject
Project("{FAE04EC0-301F-11D3-BF4B-00C04F79EFBC}") = "Ex03.ConsoleUI", "Ex03.ConsoleUI\Ex03.ConsoleUI.csproj", "{0B5BB112-FF7E-4FC5-9B8A-8DBA01C23818}"
EndProject
Global
	GlobalSection(SolutionConfigurationPlatforms) = preSolution
		Debug|Any CPU = Debug|Any CPU
		Release|Any CPU = Release|Any CPU
	EndGlobalSection
	GlobalSection(ProjectConfigurationPlatforms) = postSolution
		{1521F7E0-8CBB-43CE-B157-D4EBEE680E06}.Debug|Any CPU.ActiveCfg = Debug|Any CPU
		{1521F7E0-8CBB-43CE-B157-D4EBEE680E06}.Debug|Any CPU.Build.0 = Debug|Any CPU
		{1521F7E0-8CBB-43CE-B157-D4EBEE680E06}.Release|Any CPU.ActiveCfg = Release|Any CPU
		{1521F7E0-8CBB-43CE-B157-D4EBEE680E06}.Release|Any CPU.Build.0 = Release|Any CPU
		{0B5BB112-FF7E-4FC5-9B8A-8DBA01C23818}.Debug|Any CPU.ActiveCfg = Debug|Any CPU
		{0B5BB112-FF7E-4FC5-9B8A-8DBA01C23818}.Debug|Any CPU.Build.0 = Debug|Any CPU
		{0B5BB112-FF7E-4FC5-9B8A-8DBA01C23818}.Release|Any CPU.ActiveCfg = Release|Any CPU
		{0B5BB112-FF7E-4FC5-9B8A-8DBA01C23818}.Release|Any CPU.Build.0 = Release|Any CPU
	EndGlobalSection
	GlobalSection(SolutionProperties) = preSolution
		HideSolutionNode = FALSE
	EndGlobalSection
	GlobalSection(ExtensibilityGlobals) = postSolution
		SolutionGuid = {CBF4EF6F-E5FA-465C-A0B6-C9FF074BD512}
	EndGlobalSection
EndGlobal
